{
  "name": "cattykeys",
  "version": "1.0.0",
  "lockfileVersion": 2,
  "requires": true,
  "packages": {
    "": {
      "name": "cattykeys",
      "version": "1.0.0",
      "license": "Apache-2.0",
      "dependencies": {
        "lock-system": "^2.0.0"
      }
    },
    "node_modules/lock-system": {
      "version": "2.0.0",
      "resolved": "https://registry.npmjs.org/lock-system/-/lock-system-2.0.0.tgz",
      "integrity": "sha512-ZGBsQmcMO4gvHa2nBtvP8SCrPU02JKth90bgcIwEi62fOljMAclFoMRwCwr4pD0b8iyYUq+WwivgDR2eloOLwg==",
      "engines": {
        "node": ">=8"
      }
    }
  },
  "dependencies": {
    "lock-system": {
      "version": "2.0.0",
      "resolved": "https://registry.npmjs.org/lock-system/-/lock-system-2.0.0.tgz",
      "integrity": "sha512-ZGBsQmcMO4gvHa2nBtvP8SCrPU02JKth90bgcIwEi62fOljMAclFoMRwCwr4pD0b8iyYUq+WwivgDR2eloOLwg=="
    }
  }
}
